// !$*UTF8*$!
{
	archiveVersion = 1;
	classes = {
	};
	objectVersion = 50;
	objects = {

/* Begin PBXBuildFile section */
		A650875C214347AD00E922B1 /* GameOver.swift in Sources */ = {isa = PBXBuildFile; fileRef = A650875B214347AD00E922B1 /* GameOver.swift */; };
		A650875E214347D100E922B1 /* GameOver.sks in Resources */ = {isa = PBXBuildFile; fileRef = A650875D214347D100E922B1 /* GameOver.sks */; };
		A65087642147945000E922B1 /* coin-drop-4.mp3 in Resources */ = {isa = PBXBuildFile; fileRef = A65087632147945000E922B1 /* coin-drop-4.mp3 */; };
		A65087662147960600E922B1 /* game_music.mp3 in Resources */ = {isa = PBXBuildFile; fileRef = A65087652147960600E922B1 /* game_music.mp3 */; };
		A6522C4A2149FAC70045DA09 /* GameKit.framework in Frameworks */ = {isa = PBXBuildFile; fileRef = A6522C492149FAC70045DA09 /* GameKit.framework */; };
		A68618EB2148AEAA00938902 /* GoogleService-Info.plist in Resources */ = {isa = PBXBuildFile; fileRef = A68618EA2148AEAA00938902 /* GoogleService-Info.plist */; };
		A6D3AEF421411B1400FE30AF /* AppDelegate.swift in Sources */ = {isa = PBXBuildFile; fileRef = A6D3AEF321411B1400FE30AF /* AppDelegate.swift */; };
		A6D3AEF621411B1400FE30AF /* GameScene.sks in Resources */ = {isa = PBXBuildFile; fileRef = A6D3AEF521411B1400FE30AF /* GameScene.sks */; };
		A6D3AEF821411B1400FE30AF /* Actions.sks in Resources */ = {isa = PBXBuildFile; fileRef = A6D3AEF721411B1400FE30AF /* Actions.sks */; };
		A6D3AEFA21411B1400FE30AF /* GameScene.swift in Sources */ = {isa = PBXBuildFile; fileRef = A6D3AEF921411B1400FE30AF /* GameScene.swift */; };
		A6D3AEFC21411B1400FE30AF /* GameViewController.swift in Sources */ = {isa = PBXBuildFile; fileRef = A6D3AEFB21411B1400FE30AF /* GameViewController.swift */; };
		A6D3AEFF21411B1400FE30AF /* Main.storyboard in Resources */ = {isa = PBXBuildFile; fileRef = A6D3AEFD21411B1400FE30AF /* Main.storyboard */; };
		A6D3AF0121411B1600FE30AF /* Assets.xcassets in Resources */ = {isa = PBXBuildFile; fileRef = A6D3AF0021411B1600FE30AF /* Assets.xcassets */; };
		A6D3AF0421411B1600FE30AF /* LaunchScreen.storyboard in Resources */ = {isa = PBXBuildFile; fileRef = A6D3AF0221411B1600FE30AF /* LaunchScreen.storyboard */; };
		A6D3AF0F21411B1600FE30AF /* Color_SkipTests.swift in Sources */ = {isa = PBXBuildFile; fileRef = A6D3AF0E21411B1600FE30AF /* Color_SkipTests.swift */; };
		A6D3AF1A21411B1600FE30AF /* Color_SkipUITests.swift in Sources */ = {isa = PBXBuildFile; fileRef = A6D3AF1921411B1600FE30AF /* Color_SkipUITests.swift */; };
/* End PBXBuildFile section */

/* Begin PBXContainerItemProxy section */
		A6D3AF0B21411B1600FE30AF /* PBXContainerItemProxy */ = {
			isa = PBXContainerItemProxy;
			containerPortal = A6D3AEE821411B1400FE30AF /* Project object */;
			proxyType = 1;
			remoteGlobalIDString = A6D3AEEF21411B1400FE30AF;
			remoteInfo = "Color Skip";
		};
		A6D3AF1621411B1600FE30AF /* PBXContainerItemProxy */ = {
			isa = PBXContainerItemProxy;
			containerPortal = A6D3AEE821411B1400FE30AF /* Project object */;
			proxyType = 1;
			remoteGlobalIDString = A6D3AEEF21411B1400FE30AF;
			remoteInfo = "Color Skip";
		};
/* End PBXContainerItemProxy section */

/* Begin PBXFileReference section */
		A650875B214347AD00E922B1 /* GameOver.swift */ = {isa = PBXFileReference; lastKnownFileType = sourcecode.swift; path = GameOver.swift; sourceTree = "<group>"; };
		A650875D214347D100E922B1 /* GameOver.sks */ = {isa = PBXFileReference; lastKnownFileType = file.sks; path = GameOver.sks; sourceTree = "<group>"; };
		A65087632147945000E922B1 /* coin-drop-4.mp3 */ = {isa = PBXFileReference; lastKnownFileType = audio.mp3; path = "coin-drop-4.mp3"; sourceTree = "<group>"; };
		A65087652147960600E922B1 /* game_music.mp3 */ = {isa = PBXFileReference; lastKnownFileType = audio.mp3; path = game_music.mp3; sourceTree = "<group>"; };
		A650876A2148A1AE00E922B1 /* GoogleMobileAdsSdkiOS-7.33.0 */ = {isa = PBXFileReference; lastKnownFileType = folder; name = "GoogleMobileAdsSdkiOS-7.33.0"; path = "../../../Downloads/GoogleMobileAdsSdkiOS-7.33.0"; sourceTree = "<group>"; };
		A650876C2148A1C400E922B1 /* GoogleMobileAds.framework */ = {isa = PBXFileReference; lastKnownFileType = wrapper.framework; name = GoogleMobileAds.framework; path = "../../../Downloads/GoogleMobileAdsSdkiOS-7.33.0/GoogleMobileAds.framework"; sourceTree = "<group>"; };
		A6522C492149FAC70045DA09 /* GameKit.framework */ = {isa = PBXFileReference; lastKnownFileType = wrapper.framework; name = GameKit.framework; path = System/Library/Frameworks/GameKit.framework; sourceTree = SDKROOT; };
		A68618EA2148AEAA00938902 /* GoogleService-Info.plist */ = {isa = PBXFileReference; fileEncoding = 4; lastKnownFileType = text.plist.xml; path = "GoogleService-Info.plist"; sourceTree = "<group>"; };
		A6D3AEF021411B1400FE30AF /* Color Skip.app */ = {isa = PBXFileReference; explicitFileType = wrapper.application; includeInIndex = 0; path = "Color Skip.app"; sourceTree = BUILT_PRODUCTS_DIR; };
		A6D3AEF321411B1400FE30AF /* AppDelegate.swift */ = {isa = PBXFileReference; lastKnownFileType = sourcecode.swift; path = AppDelegate.swift; sourceTree = "<group>"; };
		A6D3AEF521411B1400FE30AF /* GameScene.sks */ = {isa = PBXFileReference; lastKnownFileType = file.sks; path = GameScene.sks; sourceTree = "<group>"; };
		A6D3AEF721411B1400FE30AF /* Actions.sks */ = {isa = PBXFileReference; lastKnownFileType = file.sks; path = Actions.sks; sourceTree = "<group>"; };
		A6D3AEF921411B1400FE30AF /* GameScene.swift */ = {isa = PBXFileReference; lastKnownFileType = sourcecode.swift; path = GameScene.swift; sourceTree = "<group>"; };
		A6D3AEFB21411B1400FE30AF /* GameViewController.swift */ = {isa = PBXFileReference; lastKnownFileType = sourcecode.swift; path = GameViewController.swift; sourceTree = "<group>"; };
		A6D3AEFE21411B1400FE30AF /* Base */ = {isa = PBXFileReference; lastKnownFileType = file.storyboard; name = Base; path = Base.lproj/Main.storyboard; sourceTree = "<group>"; };
		A6D3AF0021411B1600FE30AF /* Assets.xcassets */ = {isa = PBXFileReference; lastKnownFileType = folder.assetcatalog; path = Assets.xcassets; sourceTree = "<group>"; };
		A6D3AF0321411B1600FE30AF /* Base */ = {isa = PBXFileReference; lastKnownFileType = file.storyboard; name = Base; path = Base.lproj/LaunchScreen.storyboard; sourceTree = "<group>"; };
		A6D3AF0521411B1600FE30AF /* Info.plist */ = {isa = PBXFileReference; lastKnownFileType = text.plist.xml; path = Info.plist; sourceTree = "<group>"; };
		A6D3AF0A21411B1600FE30AF /* Color SkipTests.xctest */ = {isa = PBXFileReference; explicitFileType = wrapper.cfbundle; includeInIndex = 0; path = "Color SkipTests.xctest"; sourceTree = BUILT_PRODUCTS_DIR; };
		A6D3AF0E21411B1600FE30AF /* Color_SkipTests.swift */ = {isa = PBXFileReference; lastKnownFileType = sourcecode.swift; path = Color_SkipTests.swift; sourceTree = "<group>"; };
		A6D3AF1021411B1600FE30AF /* Info.plist */ = {isa = PBXFileReference; lastKnownFileType = text.plist.xml; path = Info.plist; sourceTree = "<group>"; };
		A6D3AF1521411B1600FE30AF /* Color SkipUITests.xctest */ = {isa = PBXFileReference; explicitFileType = wrapper.cfbundle; includeInIndex = 0; path = "Color SkipUITests.xctest"; sourceTree = BUILT_PRODUCTS_DIR; };
		A6D3AF1921411B1600FE30AF /* Color_SkipUITests.swift */ = {isa = PBXFileReference; lastKnownFileType = sourcecode.swift; path = Color_SkipUITests.swift; sourceTree = "<group>"; };
		A6D3AF1B21411B1600FE30AF /* Info.plist */ = {isa = PBXFileReference; lastKnownFileType = text.plist.xml; path = Info.plist; sourceTree = "<group>"; };
/* End PBXFileReference section */

/* Begin PBXFrameworksBuildPhase section */
		A6D3AEED21411B1400FE30AF /* Frameworks */ = {
			isa = PBXFrameworksBuildPhase;
			buildActionMask = 2147483647;
			files = (
				A6522C4A2149FAC70045DA09 /* GameKit.framework in Frameworks */,
			);
			runOnlyForDeploymentPostprocessing = 0;
		};
		A6D3AF0721411B1600FE30AF /* Frameworks */ = {
			isa = PBXFrameworksBuildPhase;
			buildActionMask = 2147483647;
			files = (
			);
			runOnlyForDeploymentPostprocessing = 0;
		};
		A6D3AF1221411B1600FE30AF /* Frameworks */ = {
			isa = PBXFrameworksBuildPhase;
			buildActionMask = 2147483647;
			files = (
			);
			runOnlyForDeploymentPostprocessing = 0;
		};
/* End PBXFrameworksBuildPhase section */

/* Begin PBXGroup section */
		A650876721488CAC00E922B1 /* Frameworks */ = {
			isa = PBXGroup;
			children = (
				A6522C492149FAC70045DA09 /* GameKit.framework */,
				A650876C2148A1C400E922B1 /* GoogleMobileAds.framework */,
				A650876A2148A1AE00E922B1 /* GoogleMobileAdsSdkiOS-7.33.0 */,
			);
			name = Frameworks;
			sourceTree = "<group>";
		};
		A6D3AEE721411B1400FE30AF = {
			isa = PBXGroup;
			children = (
				A6D3AEF221411B1400FE30AF /* Color Skip */,
				A6D3AF0D21411B1600FE30AF /* Color SkipTests */,
				A6D3AF1821411B1600FE30AF /* Color SkipUITests */,
				A6D3AEF121411B1400FE30AF /* Products */,
				A650876721488CAC00E922B1 /* Frameworks */,
			);
			sourceTree = "<group>";
		};
		A6D3AEF121411B1400FE30AF /* Products */ = {
			isa = PBXGroup;
			children = (
				A6D3AEF021411B1400FE30AF /* Color Skip.app */,
				A6D3AF0A21411B1600FE30AF /* Color SkipTests.xctest */,
				A6D3AF1521411B1600FE30AF /* Color SkipUITests.xctest */,
			);
			name = Products;
			sourceTree = "<group>";
		};
		A6D3AEF221411B1400FE30AF /* Color Skip */ = {
			isa = PBXGroup;
			children = (
				A6D3AEF321411B1400FE30AF /* AppDelegate.swift */,
				A6D3AEF521411B1400FE30AF /* GameScene.sks */,
				A6D3AEF721411B1400FE30AF /* Actions.sks */,
				A650875D214347D100E922B1 /* GameOver.sks */,
				A650875B214347AD00E922B1 /* GameOver.swift */,
				A6D3AEF921411B1400FE30AF /* GameScene.swift */,
				A65087652147960600E922B1 /* game_music.mp3 */,
				A65087632147945000E922B1 /* coin-drop-4.mp3 */,
				A6D3AEFB21411B1400FE30AF /* GameViewController.swift */,
				A6D3AEFD21411B1400FE30AF /* Main.storyboard */,
				A6D3AF0021411B1600FE30AF /* Assets.xcassets */,
				A6D3AF0221411B1600FE30AF /* LaunchScreen.storyboard */,
				A68618EA2148AEAA00938902 /* GoogleService-Info.plist */,
				A6D3AF0521411B1600FE30AF /* Info.plist */,
			);
			path = "Color Skip";
			sourceTree = "<group>";
		};
		A6D3AF0D21411B1600FE30AF /* Color SkipTests */ = {
			isa = PBXGroup;
			children = (
				A6D3AF0E21411B1600FE30AF /* Color_SkipTests.swift */,
				A6D3AF1021411B1600FE30AF /* Info.plist */,
			);
			path = "Color SkipTests";
			sourceTree = "<group>";
		};
		A6D3AF1821411B1600FE30AF /* Color SkipUITests */ = {
			isa = PBXGroup;
			children = (
				A6D3AF1921411B1600FE30AF /* Color_SkipUITests.swift */,
				A6D3AF1B21411B1600FE30AF /* Info.plist */,
			);
			path = "Color SkipUITests";
			sourceTree = "<group>";
		};
/* End PBXGroup section */

/* Begin PBXNativeTarget section */
		A6D3AEEF21411B1400FE30AF /* Color Skip */ = {
			isa = PBXNativeTarget;
			buildConfigurationList = A6D3AF1E21411B1600FE30AF /* Build configuration list for PBXNativeTarget "Color Skip" */;
			buildPhases = (
				A6D3AEEC21411B1400FE30AF /* Sources */,
				A6D3AEED21411B1400FE30AF /* Frameworks */,
				A6D3AEEE21411B1400FE30AF /* Resources */,
			);
			buildRules = (
			);
			dependencies = (
			);
			name = "Color Skip";
			productName = "Color Skip";
			productReference = A6D3AEF021411B1400FE30AF /* Color Skip.app */;
			productType = "com.apple.product-type.application";
		};
		A6D3AF0921411B1600FE30AF /* Color SkipTests */ = {
			isa = PBXNativeTarget;
			buildConfigurationList = A6D3AF2121411B1600FE30AF /* Build configuration list for PBXNativeTarget "Color SkipTests" */;
			buildPhases = (
				A6D3AF0621411B1600FE30AF /* Sources */,
				A6D3AF0721411B1600FE30AF /* Frameworks */,
				A6D3AF0821411B1600FE30AF /* Resources */,
			);
			buildRules = (
			);
			dependencies = (
				A6D3AF0C21411B1600FE30AF /* PBXTargetDependency */,
			);
			name = "Color SkipTests";
			productName = "Color SkipTests";
			productReference = A6D3AF0A21411B1600FE30AF /* Color SkipTests.xctest */;
			productType = "com.apple.product-type.bundle.unit-test";
		};
		A6D3AF1421411B1600FE30AF /* Color SkipUITests */ = {
			isa = PBXNativeTarget;
			buildConfigurationList = A6D3AF2421411B1600FE30AF /* Build configuration list for PBXNativeTarget "Color SkipUITests" */;
			buildPhases = (
				A6D3AF1121411B1600FE30AF /* Sources */,
				A6D3AF1221411B1600FE30AF /* Frameworks */,
				A6D3AF1321411B1600FE30AF /* Resources */,
			);
			buildRules = (
			);
			dependencies = (
				A6D3AF1721411B1600FE30AF /* PBXTargetDependency */,
			);
			name = "Color SkipUITests";
			productName = "Color SkipUITests";
			productReference = A6D3AF1521411B1600FE30AF /* Color SkipUITests.xctest */;
			productType = "com.apple.product-type.bundle.ui-testing";
		};
/* End PBXNativeTarget section */

/* Begin PBXProject section */
		A6D3AEE821411B1400FE30AF /* Project object */ = {
			isa = PBXProject;
			attributes = {
				LastSwiftUpdateCheck = 0940;
				LastUpgradeCheck = 0940;
				ORGANIZATIONNAME = "Shant Narkizian";
				TargetAttributes = {
					A6D3AEEF21411B1400FE30AF = {
						CreatedOnToolsVersion = 9.4.1;
						SystemCapabilities = {
							com.apple.GameCenter.iOS = {
								enabled = 1;
							};
						};
					};
					A6D3AF0921411B1600FE30AF = {
						CreatedOnToolsVersion = 9.4.1;
						TestTargetID = A6D3AEEF21411B1400FE30AF;
					};
					A6D3AF1421411B1600FE30AF = {
						CreatedOnToolsVersion = 9.4.1;
						TestTargetID = A6D3AEEF21411B1400FE30AF;
					};
				};
			};
			buildConfigurationList = A6D3AEEB21411B1400FE30AF /* Build configuration list for PBXProject "Color Skip" */;
			compatibilityVersion = "Xcode 9.3";
			developmentRegion = en;
			hasScannedForEncodings = 0;
			knownRegions = (
				en,
				Base,
			);
			mainGroup = A6D3AEE721411B1400FE30AF;
			productRefGroup = A6D3AEF121411B1400FE30AF /* Products */;
			projectDirPath = "";
			projectRoot = "";
			targets = (
				A6D3AEEF21411B1400FE30AF /* Color Skip */,
				A6D3AF0921411B1600FE30AF /* Color SkipTests */,
				A6D3AF1421411B1600FE30AF /* Color SkipUITests */,
			);
		};
/* End PBXProject section */

/* Begin PBXResourcesBuildPhase section */
		A6D3AEEE21411B1400FE30AF /* Resources */ = {
			isa = PBXResourcesBuildPhase;
			buildActionMask = 2147483647;
			files = (
				A6D3AEFF21411B1400FE30AF /* Main.storyboard in Resources */,
				A650875E214347D100E922B1 /* GameOver.sks in Resources */,
				A6D3AEF621411B1400FE30AF /* GameScene.sks in Resources */,
				A6D3AF0121411B1600FE30AF /* Assets.xcassets in Resources */,
				A65087642147945000E922B1 /* coin-drop-4.mp3 in Resources */,
				A68618EB2148AEAA00938902 /* GoogleService-Info.plist in Resources */,
				A6D3AF0421411B1600FE30AF /* LaunchScreen.storyboard in Resources */,
				A65087662147960600E922B1 /* game_music.mp3 in Resources */,
				A6D3AEF821411B1400FE30AF /* Actions.sks in Resources */,
			);
			runOnlyForDeploymentPostprocessing = 0;
		};
		A6D3AF0821411B1600FE30AF /* Resources */ = {
			isa = PBXResourcesBuildPhase;
			buildActionMask = 2147483647;
			files = (
			);
			runOnlyForDeploymentPostprocessing = 0;
		};
		A6D3AF1321411B1600FE30AF /* Resources */ = {
			isa = PBXResourcesBuildPhase;
			buildActionMask = 2147483647;
			files = (
			);
			runOnlyForDeploymentPostprocessing = 0;
		};
/* End PBXResourcesBuildPhase section */

/* Begin PBXSourcesBuildPhase section */
		A6D3AEEC21411B1400FE30AF /* Sources */ = {
			isa = PBXSourcesBuildPhase;
			buildActionMask = 2147483647;
			files = (
				A6D3AEFA21411B1400FE30AF /* GameScene.swift in Sources */,
				A6D3AEFC21411B1400FE30AF /* GameViewController.swift in Sources */,
				A6D3AEF421411B1400FE30AF /* AppDelegate.swift in Sources */,
				A650875C214347AD00E922B1 /* GameOver.swift in Sources */,
			);
			runOnlyForDeploymentPostprocessing = 0;
		};
		A6D3AF0621411B1600FE30AF /* Sources */ = {
			isa = PBXSourcesBuildPhase;
			buildActionMask = 2147483647;
			files = (
				A6D3AF0F21411B1600FE30AF /* Color_SkipTests.swift in Sources */,
			);
			runOnlyForDeploymentPostprocessing = 0;
		};
		A6D3AF1121411B1600FE30AF /* Sources */ = {
			isa = PBXSourcesBuildPhase;
			buildActionMask = 2147483647;
			files = (
				A6D3AF1A21411B1600FE30AF /* Color_SkipUITests.swift in Sources */,
			);
			runOnlyForDeploymentPostprocessing = 0;
		};
/* End PBXSourcesBuildPhase section */

/* Begin PBXTargetDependency section */
		A6D3AF0C21411B1600FE30AF /* PBXTargetDependency */ = {
			isa = PBXTargetDependency;
			target = A6D3AEEF21411B1400FE30AF /* Color Skip */;
			targetProxy = A6D3AF0B21411B1600FE30AF /* PBXContainerItemProxy */;
		};
		A6D3AF1721411B1600FE30AF /* PBXTargetDependency */ = {
			isa = PBXTargetDependency;
			target = A6D3AEEF21411B1400FE30AF /* Color Skip */;
			targetProxy = A6D3AF1621411B1600FE30AF /* PBXContainerItemProxy */;
		};
/* End PBXTargetDependency section */

/* Begin PBXVariantGroup section */
		A6D3AEFD21411B1400FE30AF /* Main.storyboard */ = {
			isa = PBXVariantGroup;
			children = (
				A6D3AEFE21411B1400FE30AF /* Base */,
			);
			name = Main.storyboard;
			sourceTree = "<group>";
		};
		A6D3AF0221411B1600FE30AF /* LaunchScreen.storyboard */ = {
			isa = PBXVariantGroup;
			children = (
				A6D3AF0321411B1600FE30AF /* Base */,
			);
			name = LaunchScreen.storyboard;
			sourceTree = "<group>";
		};
/* End PBXVariantGroup section */

/* Begin XCBuildConfiguration section */
		A6D3AF1C21411B1600FE30AF /* Debug */ = {
			isa = XCBuildConfiguration;
			buildSettings = {
				ALWAYS_SEARCH_USER_PATHS = NO;
				CLANG_ANALYZER_NONNULL = YES;
				CLANG_ANALYZER_NUMBER_OBJECT_CONVERSION = YES_AGGRESSIVE;
				CLANG_CXX_LANGUAGE_STANDARD = "gnu++14";
				CLANG_CXX_LIBRARY = "libc++";
				CLANG_ENABLE_MODULES = YES;
				CLANG_ENABLE_OBJC_ARC = YES;
				CLANG_ENABLE_OBJC_WEAK = YES;
				CLANG_WARN_BLOCK_CAPTURE_AUTORELEASING = YES;
				CLANG_WARN_BOOL_CONVERSION = YES;
				CLANG_WARN_COMMA = YES;
				CLANG_WARN_CONSTANT_CONVERSION = YES;
				CLANG_WARN_DEPRECATED_OBJC_IMPLEMENTATIONS = YES;
				CLANG_WARN_DIRECT_OBJC_ISA_USAGE = YES_ERROR;
				CLANG_WARN_DOCUMENTATION_COMMENTS = YES;
				CLANG_WARN_EMPTY_BODY = YES;
				CLANG_WARN_ENUM_CONVERSION = YES;
				CLANG_WARN_INFINITE_RECURSION = YES;
				CLANG_WARN_INT_CONVERSION = YES;
				CLANG_WARN_NON_LITERAL_NULL_CONVERSION = YES;
				CLANG_WARN_OBJC_IMPLICIT_RETAIN_SELF = YES;
				CLANG_WARN_OBJC_LITERAL_CONVERSION = YES;
				CLANG_WARN_OBJC_ROOT_CLASS = YES_ERROR;
				CLANG_WARN_RANGE_LOOP_ANALYSIS = YES;
				CLANG_WARN_STRICT_PROTOTYPES = YES;
				CLANG_WARN_SUSPICIOUS_MOVE = YES;
				CLANG_WARN_UNGUARDED_AVAILABILITY = YES_AGGRESSIVE;
				CLANG_WARN_UNREACHABLE_CODE = YES;
				CLANG_WARN__DUPLICATE_METHOD_MATCH = YES;
				CODE_SIGN_IDENTITY = "iPhone Developer";
				COPY_PHASE_STRIP = NO;
				DEBUG_INFORMATION_FORMAT = dwarf;
				ENABLE_STRICT_OBJC_MSGSEND = YES;
				ENABLE_TESTABILITY = YES;
				GCC_C_LANGUAGE_STANDARD = gnu11;
				GCC_DYNAMIC_NO_PIC = NO;
				GCC_NO_COMMON_BLOCKS = YES;
				GCC_OPTIMIZATION_LEVEL = 0;
				GCC_PREPROCESSOR_DEFINITIONS = (
					"DEBUG=1",
					"$(inherited)",
				);
				GCC_WARN_64_TO_32_BIT_CONVERSION = YES;
				GCC_WARN_ABOUT_RETURN_TYPE = YES_ERROR;
				GCC_WARN_UNDECLARED_SELECTOR = YES;
				GCC_WARN_UNINITIALIZED_AUTOS = YES_AGGRESSIVE;
				GCC_WARN_UNUSED_FUNCTION = YES;
				GCC_WARN_UNUSED_VARIABLE = YES;
				IPHONEOS_DEPLOYMENT_TARGET = 11.4;
				MTL_ENABLE_DEBUG_INFO = YES;
				ONLY_ACTIVE_ARCH = YES;
				SDKROOT = iphoneos;
				SWIFT_ACTIVE_COMPILATION_CONDITIONS = DEBUG;
				SWIFT_OPTIMIZATION_LEVEL = "-Onone";
			};
			name = Debug;
		};
		A6D3AF1D21411B1600FE30AF /* Release */ = {
			isa = XCBuildConfiguration;
			buildSettings = {
				ALWAYS_SEARCH_USER_PATHS = NO;
				CLANG_ANALYZER_NONNULL = YES;
				CLANG_ANALYZER_NUMBER_OBJECT_CONVERSION = YES_AGGRESSIVE;
				CLANG_CXX_LANGUAGE_STANDARD = "gnu++14";
				CLANG_CXX_LIBRARY = "libc++";
				CLANG_ENABLE_MODULES = YES;
				CLANG_ENABLE_OBJC_ARC = YES;
				CLANG_ENABLE_OBJC_WEAK = YES;
				CLANG_WARN_BLOCK_CAPTURE_AUTORELEASING = YES;
				CLANG_WARN_BOOL_CONVERSION = YES;
				CLANG_WARN_COMMA = YES;
				CLANG_WARN_CONSTANT_CONVERSION = YES;
				CLANG_WARN_DEPRECATED_OBJC_IMPLEMENTATIONS = YES;
				CLANG_WARN_DIRECT_OBJC_ISA_USAGE = YES_ERROR;
				CLANG_WARN_DOCUMENTATION_COMMENTS = YES;
				CLANG_WARN_EMPTY_BODY = YES;
				CLANG_WARN_ENUM_CONVERSION = YES;
				CLANG_WARN_INFINITE_RECURSION = YES;
				CLANG_WARN_INT_CONVERSION = YES;
				CLANG_WARN_NON_LITERAL_NULL_CONVERSION = YES;
				CLANG_WARN_OBJC_IMPLICIT_RETAIN_SELF = YES;
				CLANG_WARN_OBJC_LITERAL_CONVERSION = YES;
				CLANG_WARN_OBJC_ROOT_CLASS = YES_ERROR;
				CLANG_WARN_RANGE_LOOP_ANALYSIS = YES;
				CLANG_WARN_STRICT_PROTOTYPES = YES;
				CLANG_WARN_SUSPICIOUS_MOVE = YES;
				CLANG_WARN_UNGUARDED_AVAILABILITY = YES_AGGRESSIVE;
				CLANG_WARN_UNREACHABLE_CODE = YES;
				CLANG_WARN__DUPLICATE_METHOD_MATCH = YES;
				CODE_SIGN_IDENTITY = "iPhone Developer";
				COPY_PHASE_STRIP = NO;
				DEBUG_INFORMATION_FORMAT = "dwarf-with-dsym";
				ENABLE_NS_ASSERTIONS = NO;
				ENABLE_STRICT_OBJC_MSGSEND = YES;
				GCC_C_LANGUAGE_STANDARD = gnu11;
				GCC_NO_COMMON_BLOCKS = YES;
				GCC_WARN_64_TO_32_BIT_CONVERSION = YES;
				GCC_WARN_ABOUT_RETURN_TYPE = YES_ERROR;
				GCC_WARN_UNDECLARED_SELECTOR = YES;
				GCC_WARN_UNINITIALIZED_AUTOS = YES_AGGRESSIVE;
				GCC_WARN_UNUSED_FUNCTION = YES;
				GCC_WARN_UNUSED_VARIABLE = YES;
				IPHONEOS_DEPLOYMENT_TARGET = 11.4;
				MTL_ENABLE_DEBUG_INFO = NO;
				SDKROOT = iphoneos;
				SWIFT_COMPILATION_MODE = wholemodule;
				SWIFT_OPTIMIZATION_LEVEL = "-O";
				VALIDATE_PRODUCT = YES;
			};
			name = Release;
		};
		A6D3AF1F21411B1600FE30AF /* Debug */ = {
			isa = XCBuildConfiguration;
			buildSettings = {
				ASSETCATALOG_COMPILER_APPICON_NAME = AppIcon;
				CODE_SIGN_IDENTITY = "iPhone Developer";
				CODE_SIGN_STYLE = Automatic;
				DEVELOPMENT_TEAM = 29FS85JGE7;
				FRAMEWORK_SEARCH_PATHS = (
					"$(inherited)",
					"$(PROJECT_DIR)/Color\\ Skip",
				);
				INFOPLIST_FILE = "Color Skip/Info.plist";
				IPHONEOS_DEPLOYMENT_TARGET = 10.1;
				LD_RUNPATH_SEARCH_PATHS = (
					"$(inherited)",
					"@executable_path/Frameworks",
				);
				PRODUCT_BUNDLE_IDENTIFIER = "com.shant.Color-Skip.ColorClimber";
				PRODUCT_NAME = "$(TARGET_NAME)";
				PROVISIONING_PROFILE = "";
				PROVISIONING_PROFILE_SPECIFIER = "";
				SWIFT_VERSION = 4.0;
				TARGETED_DEVICE_FAMILY = 1;
			};
			name = Debug;
		};
		A6D3AF2021411B1600FE30AF /* Release */ = {
			isa = XCBuildConfiguration;
			buildSettings = {
				ASSETCATALOG_COMPILER_APPICON_NAME = AppIcon;
				CODE_SIGN_IDENTITY = "iPhone Developer";
				CODE_SIGN_STYLE = Automatic;
				DEVELOPMENT_TEAM = 29FS85JGE7;
				FRAMEWORK_SEARCH_PATHS = (
					"$(inherited)",
					"$(PROJECT_DIR)/Color\\ Skip",
				);
				INFOPLIST_FILE = "Color Skip/Info.plist";
				IPHONEOS_DEPLOYMENT_TARGET = 10.1;
				LD_RUNPATH_SEARCH_PATHS = (
					"$(inherited)",
					"@executable_path/Frameworks",
				);
				PRODUCT_BUNDLE_IDENTIFIER = "com.shant.Color-Skip.ColorClimber";
				PRODUCT_NAME = "$(TARGET_NAME)";
				PROVISIONING_PROFILE = "";
				PROVISIONING_PROFILE_SPECIFIER = "";
				SWIFT_VERSION = 4.0;
				TARGETED_DEVICE_FAMILY = 1;
			};
			name = Release;
		};
		A6D3AF2221411B1600FE30AF /* Debug */ = {
			isa = XCBuildConfiguration;
			buildSettings = {
				ALWAYS_EMBED_SWIFT_STANDARD_LIBRARIES = YES;
				BUNDLE_LOADER = "$(TEST_HOST)";
				CODE_SIGN_STYLE = Automatic;
				DEVELOPMENT_TEAM = 29FS85JGE7;
				INFOPLIST_FILE = "Color SkipTests/Info.plist";
				LD_RUNPATH_SEARCH_PATHS = (
					"$(inherited)",
					"@executable_path/Frameworks",
					"@loader_path/Frameworks",
				);
				PRODUCT_BUNDLE_IDENTIFIER = "shant.Color-SkipTests";
				PRODUCT_NAME = "$(TARGET_NAME)";
				SWIFT_VERSION = 4.0;
				TARGETED_DEVICE_FAMILY = "1,2";
				TEST_HOST = "$(BUILT_PRODUCTS_DIR)/Color Skip.app/Color Skip";
			};
			name = Debug;
		};
		A6D3AF2321411B1600FE30AF /* Release */ = {
			isa = XCBuildConfiguration;
			buildSettings = {
				ALWAYS_EMBED_SWIFT_STANDARD_LIBRARIES = YES;
				BUNDLE_LOADER = "$(TEST_HOST)";
				CODE_SIGN_STYLE = Automatic;
				DEVELOPMENT_TEAM = 29FS85JGE7;
				INFOPLIST_FILE = "Color SkipTests/Info.plist";
				LD_RUNPATH_SEARCH_PATHS = (
					"$(inherited)",
					"@executable_path/Frameworks",
					"@loader_path/Frameworks",
				);
				PRODUCT_BUNDLE_IDENTIFIER = "shant.Color-SkipTests";
				PRODUCT_NAME = "$(TARGET_NAME)";
				SWIFT_VERSION = 4.0;
				TARGETED_DEVICE_FAMILY = "1,2";
				TEST_HOST = "$(BUILT_PRODUCTS_DIR)/Color Skip.app/Color Skip";
			};
			name = Release;
		};
		A6D3AF2521411B1600FE30AF /* Debug */ = {
			isa = XCBuildConfiguration;
			buildSettings = {
				ALWAYS_EMBED_SWIFT_STANDARD_LIBRARIES = YES;
				CODE_SIGN_STYLE = Automatic;
				DEVELOPMENT_TEAM = 29FS85JGE7;
				INFOPLIST_FILE = "Color SkipUITests/Info.plist";
				LD_RUNPATH_SEARCH_PATHS = (
					"$(inherited)",
					"@executable_path/Frameworks",
					"@loader_path/Frameworks",
				);
				PRODUCT_BUNDLE_IDENTIFIER = "shant.Color-SkipUITests";
				PRODUCT_NAME = "$(TARGET_NAME)";
				SWIFT_VERSION = 4.0;
				TARGETED_DEVICE_FAMILY = "1,2";
				TEST_TARGET_NAME = "Color Skip";
			};
			name = Debug;
		};
		A6D3AF2621411B1600FE30AF /* Release */ = {
			isa = XCBuildConfiguration;
			buildSettings = {
				ALWAYS_EMBED_SWIFT_STANDARD_LIBRARIES = YES;
				CODE_SIGN_STYLE = Automatic;
				DEVELOPMENT_TEAM = 29FS85JGE7;
				INFOPLIST_FILE = "Color SkipUITests/Info.plist";
				LD_RUNPATH_SEARCH_PATHS = (
					"$(inherited)",
					"@executable_path/Frameworks",
					"@loader_path/Frameworks",
				);
				PRODUCT_BUNDLE_IDENTIFIER = "shant.Color-SkipUITests";
				PRODUCT_NAME = "$(TARGET_NAME)";
				SWIFT_VERSION = 4.0;
				TARGETED_DEVICE_FAMILY = "1,2";
				TEST_TARGET_NAME = "Color Skip";
			};
			name = Release;
		};
/* End XCBuildConfiguration section */

/* Begin XCConfigurationList section */
		A6D3AEEB21411B1400FE30AF /* Build configuration list for PBXProject "Color Skip" */ = {
			isa = XCConfigurationList;
			buildConfigurations = (
				A6D3AF1C21411B1600FE30AF /* Debug */,
				A6D3AF1D21411B1600FE30AF /* Release */,
			);
			defaultConfigurationIsVisible = 0;
			defaultConfigurationName = Release;
		};
		A6D3AF1E21411B1600FE30AF /* Build configuration list for PBXNativeTarget "Color Skip" */ = {
			isa = XCConfigurationList;
			buildConfigurations = (
				A6D3AF1F21411B1600FE30AF /* Debug */,
				A6D3AF2021411B1600FE30AF /* Release */,
			);
			defaultConfigurationIsVisible = 0;
			defaultConfigurationName = Release;
		};
		A6D3AF2121411B1600FE30AF /* Build configuration list for PBXNativeTarget "Color SkipTests" */ = {
			isa = XCConfigurationList;
			buildConfigurations = (
				A6D3AF2221411B1600FE30AF /* Debug */,
				A6D3AF2321411B1600FE30AF /* Release */,
			);
			defaultConfigurationIsVisible = 0;
			defaultConfigurationName = Release;
		};
		A6D3AF2421411B1600FE30AF /* Build configuration list for PBXNativeTarget "Color SkipUITests" */ = {
			isa = XCConfigurationList;
			buildConfigurations = (
				A6D3AF2521411B1600FE30AF /* Debug */,
				A6D3AF2621411B1600FE30AF /* Release */,
			);
			defaultConfigurationIsVisible = 0;
			defaultConfigurationName = Release;
		};
/* End XCConfigurationList section */
	};
	rootObject = A6D3AEE821411B1400FE30AF /* Project object */;
}
